
Microsoft Visual Studio Solution File, Format Version 11.00
# Visual C++ Express 2010
Project("{8BC9CEB8-8B4A-11D0-8D11-00A0C91BC942}") = "Aquaria", "VS2010\Aquaria.vcxproj", "{4DB6D5AA-4EAD-4195-9B54-389B558036D8}"
	ProjectSection(ProjectDependencies) = postProject
		{4C2AD812-6776-4728-A4B0-ABA397224152} = {4C2AD812-6776-4728-A4B0-ABA397224152}
		{6A2DACD7-DA30-49A1-9214-CCDEB48E6050} = {6A2DACD7-DA30-49A1-9214-CCDEB48E6050}
	EndProjectSection
EndProject
Project("{8BC9CEB8-8B4A-11D0-8D11-00A0C91BC942}") = "BBGE", "VS2010\BBGE.vcxproj", "{4C2AD812-6776-4728-A4B0-ABA397224152}"
EndProject
Project("{8BC9CEB8-8B4A-11D0-8D11-00A0C91BC942}") = "external", "VS2010\external.vcxproj", "{6A2DACD7-DA30-49A1-9214-CCDEB48E6050}"
EndProject
Global
	GlobalSection(SolutionConfigurationPlatforms) = preSolution
		Debug|Win32 = Debug|Win32
		Release|Win32 = Release|Win32
	EndGlobalSection
	GlobalSection(ProjectConfigurationPlatforms) = postSolution
		{4DB6D5AA-4EAD-4195-9B54-389B558036D8}.Debug|Win32.ActiveCfg = Debug|Win32
		{4DB6D5AA-4EAD-4195-9B54-389B558036D8}.Debug|Win32.Build.0 = Debug|Win32
		{4DB6D5AA-4EAD-4195-9B54-389B558036D8}.Release|Win32.ActiveCfg = Release|Win32
		{4DB6D5AA-4EAD-4195-9B54-389B558036D8}.Release|Win32.Build.0 = Release|Win32
		{4C2AD812-6776-4728-A4B0-ABA397224152}.Debug|Win32.ActiveCfg = Debug|Win32
		{4C2AD812-6776-4728-A4B0-ABA397224152}.Debug|Win32.Build.0 = Debug|Win32
		{4C2AD812-6776-4728-A4B0-ABA397224152}.Release|Win32.ActiveCfg = Release|Win32
		{4C2AD812-6776-4728-A4B0-ABA397224152}.Release|Win32.Build.0 = Release|Win32
		{6A2DACD7-DA30-49A1-9214-CCDEB48E6050}.Debug|Win32.ActiveCfg = Debug|Win32
		{6A2DACD7-DA30-49A1-9214-CCDEB48E6050}.Debug|Win32.Build.0 = Debug|Win32
		{6A2DACD7-DA30-49A1-9214-CCDEB48E6050}.Release|Win32.ActiveCfg = Release|Win32
		{6A2DACD7-DA30-49A1-9214-CCDEB48E6050}.Release|Win32.Build.0 = Release|Win32
	EndGlobalSection
	GlobalSection(SolutionProperties) = preSolution
		HideSolutionNode = FALSE
	EndGlobalSection
EndGlobal
